PODS:
  - GxMapKit (0.1.0):
    - GxMapKit/BaiduMapKit (= 0.1.0)
  - GxMapKit/BaiduMapKit (0.1.0)

DEPENDENCIES:
  - GxMapKit (from `../`)

EXTERNAL SOURCES:
  GxMapKit:
    :path: "../"

SPEC CHECKSUMS:
  GxMapKit: b83a650370eb035c6dd2cc4e65e0a095fc2a5bda

PODFILE CHECKSUM: 75c0dd3bebacb8efe62f5e7f3f253825cac0fb1c

COCOAPODS: 1.6.1
